{
  "name": "advent-code-2020",
  "version": "1.0.0",
  "lockfileVersion": 1,
  "requires": true,
  "dependencies": {
    "@cullylarson/f": {
      "version": "0.1.2",
      "resolved": "https://registry.npmjs.org/@cullylarson/f/-/f-0.1.2.tgz",
      "integrity": "sha512-hHC9tPJh9ddG+r5jfYMybjYfliEcN9aFdBYW8Nndw56InYB8wW8V52iWZ5Ac8ITlGO5po/mGS4WUdlboPi/hdA=="
    },
    "@cullylarson/p": {
      "version": "0.1.0",
      "resolved": "https://registry.npmjs.org/@cullylarson/p/-/p-0.1.0.tgz",
      "integrity": "sha512-fdF35l4EIKNdoJa7TsEKNM9AHWtX8jIg/BnD7lJn4Whs6OSRHpORPy6TFrdK9uoXLw5sFkO0VM9kdEB+sDKC2Q==",
      "requires": {
        "@cullylarson/f": "0.0.12"
      },
      "dependencies": {
        "@cullylarson/f": {
          "version": "0.0.12",
          "resolved": "https://registry.npmjs.org/@cullylarson/f/-/f-0.0.12.tgz",
          "integrity": "sha512-50q+7ibz19PpqFsVLM+PzfmzifQBzksYxSB0xOIIzTspL5zR514sBeKLMfd5qepU+aTUJHXzMOy9ncE1X/WfeA=="
        }
      }
    }
  }
}
